
Microsoft Visual Studio Solution File, Format Version 12.00
# Visual Studio 15
VisualStudioVersion = 15.0.26730.12
MinimumVisualStudioVersion = 10.0.40219.1
Project("{FAE04EC0-301F-11D3-BF4B-00C04F79EFBC}") = "Lab17Erik", "Lab17Erik\Lab17Erik.csproj", "{961793E5-E339-43A5-88DE-FC1DC2AADA10}"
EndProject
Global
	GlobalSection(SolutionConfigurationPlatforms) = preSolution
		Debug|Any CPU = Debug|Any CPU
		Release|Any CPU = Release|Any CPU
	EndGlobalSection
	GlobalSection(ProjectConfigurationPlatforms) = postSolution
		{961793E5-E339-43A5-88DE-FC1DC2AADA10}.Debug|Any CPU.ActiveCfg = Debug|Any CPU
		{961793E5-E339-43A5-88DE-FC1DC2AADA10}.Debug|Any CPU.Build.0 = Debug|Any CPU
		{961793E5-E339-43A5-88DE-FC1DC2AADA10}.Release|Any CPU.ActiveCfg = Release|Any CPU
		{961793E5-E339-43A5-88DE-FC1DC2AADA10}.Release|Any CPU.Build.0 = Release|Any CPU
	EndGlobalSection
	GlobalSection(SolutionProperties) = preSolution
		HideSolutionNode = FALSE
	EndGlobalSection
	GlobalSection(ExtensibilityGlobals) = postSolution
		SolutionGuid = {DD842455-E731-43BA-A586-95877B9791DD}
	EndGlobalSection
EndGlobal
